
Microsoft Visual Studio Solution File, Format Version 12.00
# Visual Studio Version 17
VisualStudioVersion = 17.10.35027.167
MinimumVisualStudioVersion = 10.0.40219.1
Project("{9A19103F-16F7-4668-BE54-9A1E7A4F7556}") = "Task_1", "Task_1\Task_1.csproj", "{23E1B671-1FA4-4E7E-B488-4D10AC8C867B}"
EndProject
Project("{FAE04EC0-301F-11D3-BF4B-00C04F79EFBC}") = "Task_2", "Task_2\Task_2.csproj", "{6DE35F23-B3DD-4995-911C-A771F8AFAAF0}"
EndProject
Project("{FAE04EC0-301F-11D3-BF4B-00C04F79EFBC}") = "Task_3", "Task_3\Task_3.csproj", "{FADF0ED7-D4C4-4186-9469-BCE43AF3A33B}"
EndProject
Global
	GlobalSection(SolutionConfigurationPlatforms) = preSolution
		Debug|Any CPU = Debug|Any CPU
		Release|Any CPU = Release|Any CPU
	EndGlobalSection
	GlobalSection(ProjectConfigurationPlatforms) = postSolution
		{23E1B671-1FA4-4E7E-B488-4D10AC8C867B}.Debug|Any CPU.ActiveCfg = Debug|Any CPU
		{23E1B671-1FA4-4E7E-B488-4D10AC8C867B}.Debug|Any CPU.Build.0 = Debug|Any CPU
		{23E1B671-1FA4-4E7E-B488-4D10AC8C867B}.Release|Any CPU.ActiveCfg = Release|Any CPU
		{23E1B671-1FA4-4E7E-B488-4D10AC8C867B}.Release|Any CPU.Build.0 = Release|Any CPU
		{6DE35F23-B3DD-4995-911C-A771F8AFAAF0}.Debug|Any CPU.ActiveCfg = Debug|Any CPU
		{6DE35F23-B3DD-4995-911C-A771F8AFAAF0}.Debug|Any CPU.Build.0 = Debug|Any CPU
		{6DE35F23-B3DD-4995-911C-A771F8AFAAF0}.Release|Any CPU.ActiveCfg = Release|Any CPU
		{6DE35F23-B3DD-4995-911C-A771F8AFAAF0}.Release|Any CPU.Build.0 = Release|Any CPU
		{FADF0ED7-D4C4-4186-9469-BCE43AF3A33B}.Debug|Any CPU.ActiveCfg = Debug|Any CPU
		{FADF0ED7-D4C4-4186-9469-BCE43AF3A33B}.Debug|Any CPU.Build.0 = Debug|Any CPU
		{FADF0ED7-D4C4-4186-9469-BCE43AF3A33B}.Release|Any CPU.ActiveCfg = Release|Any CPU
		{FADF0ED7-D4C4-4186-9469-BCE43AF3A33B}.Release|Any CPU.Build.0 = Release|Any CPU
	EndGlobalSection
	GlobalSection(SolutionProperties) = preSolution
		HideSolutionNode = FALSE
	EndGlobalSection
	GlobalSection(ExtensibilityGlobals) = postSolution
		SolutionGuid = {4877A6A9-AE06-4ABE-A5C0-0925F60C794A}
	EndGlobalSection
EndGlobal
